
Microsoft Visual Studio Solution File, Format Version 12.00
# Visual Studio Version 16
VisualStudioVersion = 16.0.31205.134
MinimumVisualStudioVersion = 10.0.40219.1
Project("{FAE04EC0-301F-11D3-BF4B-00C04F79EFBC}") = "CoursesAssignment", "CoursesAssignment.csproj", "{8D13EBC9-2E2D-430C-9AC2-65CF7A7672AA}"
EndProject
Global
	GlobalSection(SolutionConfigurationPlatforms) = preSolution
		Debug|Any CPU = Debug|Any CPU
		Release|Any CPU = Release|Any CPU
	EndGlobalSection
	GlobalSection(ProjectConfigurationPlatforms) = postSolution
		{8D13EBC9-2E2D-430C-9AC2-65CF7A7672AA}.Debug|Any CPU.ActiveCfg = Debug|Any CPU
		{8D13EBC9-2E2D-430C-9AC2-65CF7A7672AA}.Debug|Any CPU.Build.0 = Debug|Any CPU
		{8D13EBC9-2E2D-430C-9AC2-65CF7A7672AA}.Release|Any CPU.ActiveCfg = Release|Any CPU
		{8D13EBC9-2E2D-430C-9AC2-65CF7A7672AA}.Release|Any CPU.Build.0 = Release|Any CPU
	EndGlobalSection
	GlobalSection(SolutionProperties) = preSolution
		HideSolutionNode = FALSE
	EndGlobalSection
	GlobalSection(ExtensibilityGlobals) = postSolution
		SolutionGuid = {595F00D2-72C8-476C-9D41-EDDA872883A9}
	EndGlobalSection
EndGlobal
